
Microsoft Visual Studio Solution File, Format Version 12.00
# Visual Studio 2012
Project("{FAE04EC0-301F-11D3-BF4B-00C04F79EFBC}") = "Parsing", "Parsing\Parsing.csproj", "{07A36C09-E40A-4705-97DF-1C1747D0C8B8}"
EndProject
Global
	GlobalSection(SolutionConfigurationPlatforms) = preSolution
		Debug|x86 = Debug|x86
		Release|x86 = Release|x86
	EndGlobalSection
	GlobalSection(ProjectConfigurationPlatforms) = postSolution
		{07A36C09-E40A-4705-97DF-1C1747D0C8B8}.Debug|x86.ActiveCfg = Debug|x86
		{07A36C09-E40A-4705-97DF-1C1747D0C8B8}.Debug|x86.Build.0 = Debug|x86
		{07A36C09-E40A-4705-97DF-1C1747D0C8B8}.Release|x86.ActiveCfg = Release|x86
		{07A36C09-E40A-4705-97DF-1C1747D0C8B8}.Release|x86.Build.0 = Release|x86
	EndGlobalSection
	GlobalSection(MonoDevelopProperties) = preSolution
		StartupItem = Parsing\Parsing.csproj
	EndGlobalSection
EndGlobal
